
Microsoft Visual Studio Solution File, Format Version 12.00
# Visual Studio Version 17
VisualStudioVersion = 17.7.34024.191
MinimumVisualStudioVersion = 10.0.40219.1
Project("{FAE04EC0-301F-11D3-BF4B-00C04F79EFBC}") = "Figures", "Figures.csproj", "{9217611F-4BF8-4721-A3E7-81CA9AA4C6EA}"
EndProject
Global
	GlobalSection(SolutionConfigurationPlatforms) = preSolution
		Debug|Any CPU = Debug|Any CPU
		Release|Any CPU = Release|Any CPU
	EndGlobalSection
	GlobalSection(ProjectConfigurationPlatforms) = postSolution
		{9217611F-4BF8-4721-A3E7-81CA9AA4C6EA}.Debug|Any CPU.ActiveCfg = Debug|Any CPU
		{9217611F-4BF8-4721-A3E7-81CA9AA4C6EA}.Debug|Any CPU.Build.0 = Debug|Any CPU
		{9217611F-4BF8-4721-A3E7-81CA9AA4C6EA}.Release|Any CPU.ActiveCfg = Release|Any CPU
		{9217611F-4BF8-4721-A3E7-81CA9AA4C6EA}.Release|Any CPU.Build.0 = Release|Any CPU
	EndGlobalSection
	GlobalSection(SolutionProperties) = preSolution
		HideSolutionNode = FALSE
	EndGlobalSection
	GlobalSection(ExtensibilityGlobals) = postSolution
		SolutionGuid = {A3DD03D4-6365-4454-87BA-A651AA5C36E3}
	EndGlobalSection
EndGlobal
